
Microsoft Visual Studio Solution File, Format Version 12.00
# Visual Studio 14
VisualStudioVersion = 14.0.25420.1
MinimumVisualStudioVersion = 10.0.40219.1
Project("{FAE04EC0-301F-11D3-BF4B-00C04F79EFBC}") = "TerbilangApp", "TerbilangApp\TerbilangApp.csproj", "{C1269424-F436-4320-97C1-A820D1810DAA}"
EndProject
Project("{FAE04EC0-301F-11D3-BF4B-00C04F79EFBC}") = "TerbilangLibrary", "TerbilangLibrary\TerbilangLibrary.csproj", "{09D8DE82-7B09-434D-9834-92B72F89F45C}"
EndProject
Global
	GlobalSection(SolutionConfigurationPlatforms) = preSolution
		Debug|Any CPU = Debug|Any CPU
		Release|Any CPU = Release|Any CPU
	EndGlobalSection
	GlobalSection(ProjectConfigurationPlatforms) = postSolution
		{C1269424-F436-4320-97C1-A820D1810DAA}.Debug|Any CPU.ActiveCfg = Debug|Any CPU
		{C1269424-F436-4320-97C1-A820D1810DAA}.Debug|Any CPU.Build.0 = Debug|Any CPU
		{C1269424-F436-4320-97C1-A820D1810DAA}.Release|Any CPU.ActiveCfg = Release|Any CPU
		{C1269424-F436-4320-97C1-A820D1810DAA}.Release|Any CPU.Build.0 = Release|Any CPU
		{09D8DE82-7B09-434D-9834-92B72F89F45C}.Debug|Any CPU.ActiveCfg = Debug|Any CPU
		{09D8DE82-7B09-434D-9834-92B72F89F45C}.Debug|Any CPU.Build.0 = Debug|Any CPU
		{09D8DE82-7B09-434D-9834-92B72F89F45C}.Release|Any CPU.ActiveCfg = Release|Any CPU
		{09D8DE82-7B09-434D-9834-92B72F89F45C}.Release|Any CPU.Build.0 = Release|Any CPU
	EndGlobalSection
	GlobalSection(SolutionProperties) = preSolution
		HideSolutionNode = FALSE
	EndGlobalSection
EndGlobal
